// !$*UTF8*$!
{
	archiveVersion = 1;
	classes = {
	};
	objectVersion = 50;
	objects = {

/* Begin PBXBuildFile section */
		A430C3F3216F10F40008DC03 /* AppDelegate.swift in Sources */ = {isa = PBXBuildFile; fileRef = A430C3F2216F10F40008DC03 /* AppDelegate.swift */; };
		A430C3F5216F10F40008DC03 /* ViewController.swift in Sources */ = {isa = PBXBuildFile; fileRef = A430C3F4216F10F40008DC03 /* ViewController.swift */; };
		A430C3F8216F10F40008DC03 /* Main.storyboard in Resources */ = {isa = PBXBuildFile; fileRef = A430C3F6216F10F40008DC03 /* Main.storyboard */; };
		A430C3FA216F10F80008DC03 /* Assets.xcassets in Resources */ = {isa = PBXBuildFile; fileRef = A430C3F9216F10F80008DC03 /* Assets.xcassets */; };
		A430C3FD216F10F80008DC03 /* LaunchScreen.storyboard in Resources */ = {isa = PBXBuildFile; fileRef = A430C3FB216F10F80008DC03 /* LaunchScreen.storyboard */; };
		A430C408216F10F80008DC03 /* ListyTests.swift in Sources */ = {isa = PBXBuildFile; fileRef = A430C407216F10F80008DC03 /* ListyTests.swift */; };
		A430C413216F10F80008DC03 /* ListyUITests.swift in Sources */ = {isa = PBXBuildFile; fileRef = A430C412216F10F80008DC03 /* ListyUITests.swift */; };
		A430C425216F1A050008DC03 /* ParallaxCell.swift in Sources */ = {isa = PBXBuildFile; fileRef = A430C424216F1A050008DC03 /* ParallaxCell.swift */; };
		A430C427216F1AC10008DC03 /* DataService.swift in Sources */ = {isa = PBXBuildFile; fileRef = A430C426216F1AC10008DC03 /* DataService.swift */; };
		A430C42A216F1B5E0008DC03 /* Item.swift in Sources */ = {isa = PBXBuildFile; fileRef = A430C429216F1B5E0008DC03 /* Item.swift */; };
/* End PBXBuildFile section */

/* Begin PBXContainerItemProxy section */
		A430C404216F10F80008DC03 /* PBXContainerItemProxy */ = {
			isa = PBXContainerItemProxy;
			containerPortal = A430C3E7216F10F40008DC03 /* Project object */;
			proxyType = 1;
			remoteGlobalIDString = A430C3EE216F10F40008DC03;
			remoteInfo = Listy;
		};
		A430C40F216F10F80008DC03 /* PBXContainerItemProxy */ = {
			isa = PBXContainerItemProxy;
			containerPortal = A430C3E7216F10F40008DC03 /* Project object */;
			proxyType = 1;
			remoteGlobalIDString = A430C3EE216F10F40008DC03;
			remoteInfo = Listy;
		};
/* End PBXContainerItemProxy section */

/* Begin PBXFileReference section */
		A430C3EF216F10F40008DC03 /* Listy.app */ = {isa = PBXFileReference; explicitFileType = wrapper.application; includeInIndex = 0; path = Listy.app; sourceTree = BUILT_PRODUCTS_DIR; };
		A430C3F2216F10F40008DC03 /* AppDelegate.swift */ = {isa = PBXFileReference; lastKnownFileType = sourcecode.swift; path = AppDelegate.swift; sourceTree = "<group>"; };
		A430C3F4216F10F40008DC03 /* ViewController.swift */ = {isa = PBXFileReference; lastKnownFileType = sourcecode.swift; path = ViewController.swift; sourceTree = "<group>"; };
		A430C3F7216F10F40008DC03 /* Base */ = {isa = PBXFileReference; lastKnownFileType = file.storyboard; name = Base; path = Base.lproj/Main.storyboard; sourceTree = "<group>"; };
		A430C3F9216F10F80008DC03 /* Assets.xcassets */ = {isa = PBXFileReference; lastKnownFileType = folder.assetcatalog; path = Assets.xcassets; sourceTree = "<group>"; };
		A430C3FC216F10F80008DC03 /* Base */ = {isa = PBXFileReference; lastKnownFileType = file.storyboard; name = Base; path = Base.lproj/LaunchScreen.storyboard; sourceTree = "<group>"; };
		A430C3FE216F10F80008DC03 /* Info.plist */ = {isa = PBXFileReference; lastKnownFileType = text.plist.xml; path = Info.plist; sourceTree = "<group>"; };
		A430C403216F10F80008DC03 /* ListyTests.xctest */ = {isa = PBXFileReference; explicitFileType = wrapper.cfbundle; includeInIndex = 0; path = ListyTests.xctest; sourceTree = BUILT_PRODUCTS_DIR; };
		A430C407216F10F80008DC03 /* ListyTests.swift */ = {isa = PBXFileReference; lastKnownFileType = sourcecode.swift; path = ListyTests.swift; sourceTree = "<group>"; };
		A430C409216F10F80008DC03 /* Info.plist */ = {isa = PBXFileReference; lastKnownFileType = text.plist.xml; path = Info.plist; sourceTree = "<group>"; };
		A430C40E216F10F80008DC03 /* ListyUITests.xctest */ = {isa = PBXFileReference; explicitFileType = wrapper.cfbundle; includeInIndex = 0; path = ListyUITests.xctest; sourceTree = BUILT_PRODUCTS_DIR; };
		A430C412216F10F80008DC03 /* ListyUITests.swift */ = {isa = PBXFileReference; lastKnownFileType = sourcecode.swift; path = ListyUITests.swift; sourceTree = "<group>"; };
		A430C414216F10F80008DC03 /* Info.plist */ = {isa = PBXFileReference; lastKnownFileType = text.plist.xml; path = Info.plist; sourceTree = "<group>"; };
		A430C424216F1A050008DC03 /* ParallaxCell.swift */ = {isa = PBXFileReference; lastKnownFileType = sourcecode.swift; path = ParallaxCell.swift; sourceTree = "<group>"; };
		A430C426216F1AC10008DC03 /* DataService.swift */ = {isa = PBXFileReference; lastKnownFileType = sourcecode.swift; path = DataService.swift; sourceTree = "<group>"; };
		A430C429216F1B5E0008DC03 /* Item.swift */ = {isa = PBXFileReference; lastKnownFileType = sourcecode.swift; path = Item.swift; sourceTree = "<group>"; };
/* End PBXFileReference section */

/* Begin PBXFrameworksBuildPhase section */
		A430C3EC216F10F40008DC03 /* Frameworks */ = {
			isa = PBXFrameworksBuildPhase;
			buildActionMask = 2147483647;
			files = (
			);
			runOnlyForDeploymentPostprocessing = 0;
		};
		A430C400216F10F80008DC03 /* Frameworks */ = {
			isa = PBXFrameworksBuildPhase;
			buildActionMask = 2147483647;
			files = (
			);
			runOnlyForDeploymentPostprocessing = 0;
		};
		A430C40B216F10F80008DC03 /* Frameworks */ = {
			isa = PBXFrameworksBuildPhase;
			buildActionMask = 2147483647;
			files = (
			);
			runOnlyForDeploymentPostprocessing = 0;
		};
/* End PBXFrameworksBuildPhase section */

/* Begin PBXGroup section */
		A430C3E6216F10F40008DC03 = {
			isa = PBXGroup;
			children = (
				A430C3F1216F10F40008DC03 /* Listy */,
				A430C406216F10F80008DC03 /* ListyTests */,
				A430C411216F10F80008DC03 /* ListyUITests */,
				A430C3F0216F10F40008DC03 /* Products */,
			);
			sourceTree = "<group>";
		};
		A430C3F0216F10F40008DC03 /* Products */ = {
			isa = PBXGroup;
			children = (
				A430C3EF216F10F40008DC03 /* Listy.app */,
				A430C403216F10F80008DC03 /* ListyTests.xctest */,
				A430C40E216F10F80008DC03 /* ListyUITests.xctest */,
			);
			name = Products;
			sourceTree = "<group>";
		};
		A430C3F1216F10F40008DC03 /* Listy */ = {
			isa = PBXGroup;
			children = (
				A430C428216F1B010008DC03 /* S */,
				A430C423216F19EA0008DC03 /* M */,
				A430C422216F19E40008DC03 /* V */,
				A430C420216F19D40008DC03 /* C */,
				A430C3F2216F10F40008DC03 /* AppDelegate.swift */,
				A430C3F6216F10F40008DC03 /* Main.storyboard */,
				A430C3F9216F10F80008DC03 /* Assets.xcassets */,
				A430C3FB216F10F80008DC03 /* LaunchScreen.storyboard */,
				A430C3FE216F10F80008DC03 /* Info.plist */,
			);
			path = Listy;
			sourceTree = "<group>";
		};
		A430C406216F10F80008DC03 /* ListyTests */ = {
			isa = PBXGroup;
			children = (
				A430C407216F10F80008DC03 /* ListyTests.swift */,
				A430C409216F10F80008DC03 /* Info.plist */,
			);
			path = ListyTests;
			sourceTree = "<group>";
		};
		A430C411216F10F80008DC03 /* ListyUITests */ = {
			isa = PBXGroup;
			children = (
				A430C412216F10F80008DC03 /* ListyUITests.swift */,
				A430C414216F10F80008DC03 /* Info.plist */,
			);
			path = ListyUITests;
			sourceTree = "<group>";
		};
		A430C420216F19D40008DC03 /* C */ = {
			isa = PBXGroup;
			children = (
				A430C3F4216F10F40008DC03 /* ViewController.swift */,
			);
			path = C;
			sourceTree = "<group>";
		};
		A430C422216F19E40008DC03 /* V */ = {
			isa = PBXGroup;
			children = (
				A430C424216F1A050008DC03 /* ParallaxCell.swift */,
			);
			path = V;
			sourceTree = "<group>";
		};
		A430C423216F19EA0008DC03 /* M */ = {
			isa = PBXGroup;
			children = (
				A430C429216F1B5E0008DC03 /* Item.swift */,
			);
			path = M;
			sourceTree = "<group>";
		};
		A430C428216F1B010008DC03 /* S */ = {
			isa = PBXGroup;
			children = (
				A430C426216F1AC10008DC03 /* DataService.swift */,
			);
			path = S;
			sourceTree = "<group>";
		};
/* End PBXGroup section */

/* Begin PBXNativeTarget section */
		A430C3EE216F10F40008DC03 /* Listy */ = {
			isa = PBXNativeTarget;
			buildConfigurationList = A430C417216F10F80008DC03 /* Build configuration list for PBXNativeTarget "Listy" */;
			buildPhases = (
				A430C3EB216F10F40008DC03 /* Sources */,
				A430C3EC216F10F40008DC03 /* Frameworks */,
				A430C3ED216F10F40008DC03 /* Resources */,
			);
			buildRules = (
			);
			dependencies = (
			);
			name = Listy;
			productName = Listy;
			productReference = A430C3EF216F10F40008DC03 /* Listy.app */;
			productType = "com.apple.product-type.application";
		};
		A430C402216F10F80008DC03 /* ListyTests */ = {
			isa = PBXNativeTarget;
			buildConfigurationList = A430C41A216F10F80008DC03 /* Build configuration list for PBXNativeTarget "ListyTests" */;
			buildPhases = (
				A430C3FF216F10F80008DC03 /* Sources */,
				A430C400216F10F80008DC03 /* Frameworks */,
				A430C401216F10F80008DC03 /* Resources */,
			);
			buildRules = (
			);
			dependencies = (
				A430C405216F10F80008DC03 /* PBXTargetDependency */,
			);
			name = ListyTests;
			productName = ListyTests;
			productReference = A430C403216F10F80008DC03 /* ListyTests.xctest */;
			productType = "com.apple.product-type.bundle.unit-test";
		};
		A430C40D216F10F80008DC03 /* ListyUITests */ = {
			isa = PBXNativeTarget;
			buildConfigurationList = A430C41D216F10F80008DC03 /* Build configuration list for PBXNativeTarget "ListyUITests" */;
			buildPhases = (
				A430C40A216F10F80008DC03 /* Sources */,
				A430C40B216F10F80008DC03 /* Frameworks */,
				A430C40C216F10F80008DC03 /* Resources */,
			);
			buildRules = (
			);
			dependencies = (
				A430C410216F10F80008DC03 /* PBXTargetDependency */,
			);
			name = ListyUITests;
			productName = ListyUITests;
			productReference = A430C40E216F10F80008DC03 /* ListyUITests.xctest */;
			productType = "com.apple.product-type.bundle.ui-testing";
		};
/* End PBXNativeTarget section */

/* Begin PBXProject section */
		A430C3E7216F10F40008DC03 /* Project object */ = {
			isa = PBXProject;
			attributes = {
				LastSwiftUpdateCheck = 1010;
				LastUpgradeCheck = 1010;
				ORGANIZATIONNAME = Kore;
				TargetAttributes = {
					A430C3EE216F10F40008DC03 = {
						CreatedOnToolsVersion = 10.1;
					};
					A430C402216F10F80008DC03 = {
						CreatedOnToolsVersion = 10.1;
						TestTargetID = A430C3EE216F10F40008DC03;
					};
					A430C40D216F10F80008DC03 = {
						CreatedOnToolsVersion = 10.1;
						TestTargetID = A430C3EE216F10F40008DC03;
					};
				};
			};
			buildConfigurationList = A430C3EA216F10F40008DC03 /* Build configuration list for PBXProject "Listy" */;
			compatibilityVersion = "Xcode 9.3";
			developmentRegion = en;
			hasScannedForEncodings = 0;
			knownRegions = (
				en,
				Base,
			);
			mainGroup = A430C3E6216F10F40008DC03;
			productRefGroup = A430C3F0216F10F40008DC03 /* Products */;
			projectDirPath = "";
			projectRoot = "";
			targets = (
				A430C3EE216F10F40008DC03 /* Listy */,
				A430C402216F10F80008DC03 /* ListyTests */,
				A430C40D216F10F80008DC03 /* ListyUITests */,
			);
		};
/* End PBXProject section */

/* Begin PBXResourcesBuildPhase section */
		A430C3ED216F10F40008DC03 /* Resources */ = {
			isa = PBXResourcesBuildPhase;
			buildActionMask = 2147483647;
			files = (
				A430C3FD216F10F80008DC03 /* LaunchScreen.storyboard in Resources */,
				A430C3FA216F10F80008DC03 /* Assets.xcassets in Resources */,
				A430C3F8216F10F40008DC03 /* Main.storyboard in Resources */,
			);
			runOnlyForDeploymentPostprocessing = 0;
		};
		A430C401216F10F80008DC03 /* Resources */ = {
			isa = PBXResourcesBuildPhase;
			buildActionMask = 2147483647;
			files = (
			);
			runOnlyForDeploymentPostprocessing = 0;
		};
		A430C40C216F10F80008DC03 /* Resources */ = {
			isa = PBXResourcesBuildPhase;
			buildActionMask = 2147483647;
			files = (
			);
			runOnlyForDeploymentPostprocessing = 0;
		};
/* End PBXResourcesBuildPhase section */

/* Begin PBXSourcesBuildPhase section */
		A430C3EB216F10F40008DC03 /* Sources */ = {
			isa = PBXSourcesBuildPhase;
			buildActionMask = 2147483647;
			files = (
				A430C42A216F1B5E0008DC03 /* Item.swift in Sources */,
				A430C425216F1A050008DC03 /* ParallaxCell.swift in Sources */,
				A430C3F5216F10F40008DC03 /* ViewController.swift in Sources */,
				A430C3F3216F10F40008DC03 /* AppDelegate.swift in Sources */,
				A430C427216F1AC10008DC03 /* DataService.swift in Sources */,
			);
			runOnlyForDeploymentPostprocessing = 0;
		};
		A430C3FF216F10F80008DC03 /* Sources */ = {
			isa = PBXSourcesBuildPhase;
			buildActionMask = 2147483647;
			files = (
				A430C408216F10F80008DC03 /* ListyTests.swift in Sources */,
			);
			runOnlyForDeploymentPostprocessing = 0;
		};
		A430C40A216F10F80008DC03 /* Sources */ = {
			isa = PBXSourcesBuildPhase;
			buildActionMask = 2147483647;
			files = (
				A430C413216F10F80008DC03 /* ListyUITests.swift in Sources */,
			);
			runOnlyForDeploymentPostprocessing = 0;
		};
/* End PBXSourcesBuildPhase section */

/* Begin PBXTargetDependency section */
		A430C405216F10F80008DC03 /* PBXTargetDependency */ = {
			isa = PBXTargetDependency;
			target = A430C3EE216F10F40008DC03 /* Listy */;
			targetProxy = A430C404216F10F80008DC03 /* PBXContainerItemProxy */;
		};
		A430C410216F10F80008DC03 /* PBXTargetDependency */ = {
			isa = PBXTargetDependency;
			target = A430C3EE216F10F40008DC03 /* Listy */;
			targetProxy = A430C40F216F10F80008DC03 /* PBXContainerItemProxy */;
		};
/* End PBXTargetDependency section */

/* Begin PBXVariantGroup section */
		A430C3F6216F10F40008DC03 /* Main.storyboard */ = {
			isa = PBXVariantGroup;
			children = (
				A430C3F7216F10F40008DC03 /* Base */,
			);
			name = Main.storyboard;
			sourceTree = "<group>";
		};
		A430C3FB216F10F80008DC03 /* LaunchScreen.storyboard */ = {
			isa = PBXVariantGroup;
			children = (
				A430C3FC216F10F80008DC03 /* Base */,
			);
			name = LaunchScreen.storyboard;
			sourceTree = "<group>";
		};
/* End PBXVariantGroup section */

/* Begin XCBuildConfiguration section */
		A430C415216F10F80008DC03 /* Debug */ = {
			isa = XCBuildConfiguration;
			buildSettings = {
				ALWAYS_SEARCH_USER_PATHS = NO;
				CLANG_ANALYZER_NONNULL = YES;
				CLANG_ANALYZER_NUMBER_OBJECT_CONVERSION = YES_AGGRESSIVE;
				CLANG_CXX_LANGUAGE_STANDARD = "gnu++14";
				CLANG_CXX_LIBRARY = "libc++";
				CLANG_ENABLE_MODULES = YES;
				CLANG_ENABLE_OBJC_ARC = YES;
				CLANG_ENABLE_OBJC_WEAK = YES;
				CLANG_WARN_BLOCK_CAPTURE_AUTORELEASING = YES;
				CLANG_WARN_BOOL_CONVERSION = YES;
				CLANG_WARN_COMMA = YES;
				CLANG_WARN_CONSTANT_CONVERSION = YES;
				CLANG_WARN_DEPRECATED_OBJC_IMPLEMENTATIONS = YES;
				CLANG_WARN_DIRECT_OBJC_ISA_USAGE = YES_ERROR;
				CLANG_WARN_DOCUMENTATION_COMMENTS = YES;
				CLANG_WARN_EMPTY_BODY = YES;
				CLANG_WARN_ENUM_CONVERSION = YES;
				CLANG_WARN_INFINITE_RECURSION = YES;
				CLANG_WARN_INT_CONVERSION = YES;
				CLANG_WARN_NON_LITERAL_NULL_CONVERSION = YES;
				CLANG_WARN_OBJC_IMPLICIT_RETAIN_SELF = YES;
				CLANG_WARN_OBJC_LITERAL_CONVERSION = YES;
				CLANG_WARN_OBJC_ROOT_CLASS = YES_ERROR;
				CLANG_WARN_RANGE_LOOP_ANALYSIS = YES;
				CLANG_WARN_STRICT_PROTOTYPES = YES;
				CLANG_WARN_SUSPICIOUS_MOVE = YES;
				CLANG_WARN_UNGUARDED_AVAILABILITY = YES_AGGRESSIVE;
				CLANG_WARN_UNREACHABLE_CODE = YES;
				CLANG_WARN__DUPLICATE_METHOD_MATCH = YES;
				CODE_SIGN_IDENTITY = "iPhone Developer";
				COPY_PHASE_STRIP = NO;
				DEBUG_INFORMATION_FORMAT = dwarf;
				ENABLE_STRICT_OBJC_MSGSEND = YES;
				ENABLE_TESTABILITY = YES;
				GCC_C_LANGUAGE_STANDARD = gnu11;
				GCC_DYNAMIC_NO_PIC = NO;
				GCC_NO_COMMON_BLOCKS = YES;
				GCC_OPTIMIZATION_LEVEL = 0;
				GCC_PREPROCESSOR_DEFINITIONS = (
					"DEBUG=1",
					"$(inherited)",
				);
				GCC_WARN_64_TO_32_BIT_CONVERSION = YES;
				GCC_WARN_ABOUT_RETURN_TYPE = YES_ERROR;
				GCC_WARN_UNDECLARED_SELECTOR = YES;
				GCC_WARN_UNINITIALIZED_AUTOS = YES_AGGRESSIVE;
				GCC_WARN_UNUSED_FUNCTION = YES;
				GCC_WARN_UNUSED_VARIABLE = YES;
				IPHONEOS_DEPLOYMENT_TARGET = 12.1;
				MTL_ENABLE_DEBUG_INFO = INCLUDE_SOURCE;
				MTL_FAST_MATH = YES;
				ONLY_ACTIVE_ARCH = YES;
				SDKROOT = iphoneos;
				SWIFT_ACTIVE_COMPILATION_CONDITIONS = DEBUG;
				SWIFT_OPTIMIZATION_LEVEL = "-Onone";
			};
			name = Debug;
		};
		A430C416216F10F80008DC03 /* Release */ = {
			isa = XCBuildConfiguration;
			buildSettings = {
				ALWAYS_SEARCH_USER_PATHS = NO;
				CLANG_ANALYZER_NONNULL = YES;
				CLANG_ANALYZER_NUMBER_OBJECT_CONVERSION = YES_AGGRESSIVE;
				CLANG_CXX_LANGUAGE_STANDARD = "gnu++14";
				CLANG_CXX_LIBRARY = "libc++";
				CLANG_ENABLE_MODULES = YES;
				CLANG_ENABLE_OBJC_ARC = YES;
				CLANG_ENABLE_OBJC_WEAK = YES;
				CLANG_WARN_BLOCK_CAPTURE_AUTORELEASING = YES;
				CLANG_WARN_BOOL_CONVERSION = YES;
				CLANG_WARN_COMMA = YES;
				CLANG_WARN_CONSTANT_CONVERSION = YES;
				CLANG_WARN_DEPRECATED_OBJC_IMPLEMENTATIONS = YES;
				CLANG_WARN_DIRECT_OBJC_ISA_USAGE = YES_ERROR;
				CLANG_WARN_DOCUMENTATION_COMMENTS = YES;
				CLANG_WARN_EMPTY_BODY = YES;
				CLANG_WARN_ENUM_CONVERSION = YES;
				CLANG_WARN_INFINITE_RECURSION = YES;
				CLANG_WARN_INT_CONVERSION = YES;
				CLANG_WARN_NON_LITERAL_NULL_CONVERSION = YES;
				CLANG_WARN_OBJC_IMPLICIT_RETAIN_SELF = YES;
				CLANG_WARN_OBJC_LITERAL_CONVERSION = YES;
				CLANG_WARN_OBJC_ROOT_CLASS = YES_ERROR;
				CLANG_WARN_RANGE_LOOP_ANALYSIS = YES;
				CLANG_WARN_STRICT_PROTOTYPES = YES;
				CLANG_WARN_SUSPICIOUS_MOVE = YES;
				CLANG_WARN_UNGUARDED_AVAILABILITY = YES_AGGRESSIVE;
				CLANG_WARN_UNREACHABLE_CODE = YES;
				CLANG_WARN__DUPLICATE_METHOD_MATCH = YES;
				CODE_SIGN_IDENTITY = "iPhone Developer";
				COPY_PHASE_STRIP = NO;
				DEBUG_INFORMATION_FORMAT = "dwarf-with-dsym";
				ENABLE_NS_ASSERTIONS = NO;
				ENABLE_STRICT_OBJC_MSGSEND = YES;
				GCC_C_LANGUAGE_STANDARD = gnu11;
				GCC_NO_COMMON_BLOCKS = YES;
				GCC_WARN_64_TO_32_BIT_CONVERSION = YES;
				GCC_WARN_ABOUT_RETURN_TYPE = YES_ERROR;
				GCC_WARN_UNDECLARED_SELECTOR = YES;
				GCC_WARN_UNINITIALIZED_AUTOS = YES_AGGRESSIVE;
				GCC_WARN_UNUSED_FUNCTION = YES;
				GCC_WARN_UNUSED_VARIABLE = YES;
				IPHONEOS_DEPLOYMENT_TARGET = 12.1;
				MTL_ENABLE_DEBUG_INFO = NO;
				MTL_FAST_MATH = YES;
				SDKROOT = iphoneos;
				SWIFT_COMPILATION_MODE = wholemodule;
				SWIFT_OPTIMIZATION_LEVEL = "-O";
				VALIDATE_PRODUCT = YES;
			};
			name = Release;
		};
		A430C418216F10F80008DC03 /* Debug */ = {
			isa = XCBuildConfiguration;
			buildSettings = {
				ASSETCATALOG_COMPILER_APPICON_NAME = AppIcon;
				CODE_SIGN_STYLE = Automatic;
				DEVELOPMENT_TEAM = 4479HNAQMJ;
				INFOPLIST_FILE = Listy/Info.plist;
				LD_RUNPATH_SEARCH_PATHS = (
					"$(inherited)",
					"@executable_path/Frameworks",
				);
				PRODUCT_BUNDLE_IDENTIFIER = com.kore.Listy;
				PRODUCT_NAME = "$(TARGET_NAME)";
				SWIFT_VERSION = 4.2;
				TARGETED_DEVICE_FAMILY = "1,2";
			};
			name = Debug;
		};
		A430C419216F10F80008DC03 /* Release */ = {
			isa = XCBuildConfiguration;
			buildSettings = {
				ASSETCATALOG_COMPILER_APPICON_NAME = AppIcon;
				CODE_SIGN_STYLE = Automatic;
				DEVELOPMENT_TEAM = 4479HNAQMJ;
				INFOPLIST_FILE = Listy/Info.plist;
				LD_RUNPATH_SEARCH_PATHS = (
					"$(inherited)",
					"@executable_path/Frameworks",
				);
				PRODUCT_BUNDLE_IDENTIFIER = com.kore.Listy;
				PRODUCT_NAME = "$(TARGET_NAME)";
				SWIFT_VERSION = 4.2;
				TARGETED_DEVICE_FAMILY = "1,2";
			};
			name = Release;
		};
		A430C41B216F10F80008DC03 /* Debug */ = {
			isa = XCBuildConfiguration;
			buildSettings = {
				ALWAYS_EMBED_SWIFT_STANDARD_LIBRARIES = YES;
				BUNDLE_LOADER = "$(TEST_HOST)";
				CODE_SIGN_STYLE = Automatic;
				INFOPLIST_FILE = ListyTests/Info.plist;
				LD_RUNPATH_SEARCH_PATHS = (
					"$(inherited)",
					"@executable_path/Frameworks",
					"@loader_path/Frameworks",
				);
				PRODUCT_BUNDLE_IDENTIFIER = com.kore.ListyTests;
				PRODUCT_NAME = "$(TARGET_NAME)";
				SWIFT_VERSION = 4.2;
				TARGETED_DEVICE_FAMILY = "1,2";
				TEST_HOST = "$(BUILT_PRODUCTS_DIR)/Listy.app/Listy";
			};
			name = Debug;
		};
		A430C41C216F10F80008DC03 /* Release */ = {
			isa = XCBuildConfiguration;
			buildSettings = {
				ALWAYS_EMBED_SWIFT_STANDARD_LIBRARIES = YES;
				BUNDLE_LOADER = "$(TEST_HOST)";
				CODE_SIGN_STYLE = Automatic;
				INFOPLIST_FILE = ListyTests/Info.plist;
				LD_RUNPATH_SEARCH_PATHS = (
					"$(inherited)",
					"@executable_path/Frameworks",
					"@loader_path/Frameworks",
				);
				PRODUCT_BUNDLE_IDENTIFIER = com.kore.ListyTests;
				PRODUCT_NAME = "$(TARGET_NAME)";
				SWIFT_VERSION = 4.2;
				TARGETED_DEVICE_FAMILY = "1,2";
				TEST_HOST = "$(BUILT_PRODUCTS_DIR)/Listy.app/Listy";
			};
			name = Release;
		};
		A430C41E216F10F80008DC03 /* Debug */ = {
			isa = XCBuildConfiguration;
			buildSettings = {
				ALWAYS_EMBED_SWIFT_STANDARD_LIBRARIES = YES;
				CODE_SIGN_STYLE = Automatic;
				INFOPLIST_FILE = ListyUITests/Info.plist;
				LD_RUNPATH_SEARCH_PATHS = (
					"$(inherited)",
					"@executable_path/Frameworks",
					"@loader_path/Frameworks",
				);
				PRODUCT_BUNDLE_IDENTIFIER = com.kore.ListyUITests;
				PRODUCT_NAME = "$(TARGET_NAME)";
				SWIFT_VERSION = 4.2;
				TARGETED_DEVICE_FAMILY = "1,2";
				TEST_TARGET_NAME = Listy;
			};
			name = Debug;
		};
		A430C41F216F10F80008DC03 /* Release */ = {
			isa = XCBuildConfiguration;
			buildSettings = {
				ALWAYS_EMBED_SWIFT_STANDARD_LIBRARIES = YES;
				CODE_SIGN_STYLE = Automatic;
				INFOPLIST_FILE = ListyUITests/Info.plist;
				LD_RUNPATH_SEARCH_PATHS = (
					"$(inherited)",
					"@executable_path/Frameworks",
					"@loader_path/Frameworks",
				);
				PRODUCT_BUNDLE_IDENTIFIER = com.kore.ListyUITests;
				PRODUCT_NAME = "$(TARGET_NAME)";
				SWIFT_VERSION = 4.2;
				TARGETED_DEVICE_FAMILY = "1,2";
				TEST_TARGET_NAME = Listy;
			};
			name = Release;
		};
/* End XCBuildConfiguration section */

/* Begin XCConfigurationList section */
		A430C3EA216F10F40008DC03 /* Build configuration list for PBXProject "Listy" */ = {
			isa = XCConfigurationList;
			buildConfigurations = (
				A430C415216F10F80008DC03 /* Debug */,
				A430C416216F10F80008DC03 /* Release */,
			);
			defaultConfigurationIsVisible = 0;
			defaultConfigurationName = Release;
		};
		A430C417216F10F80008DC03 /* Build configuration list for PBXNativeTarget "Listy" */ = {
			isa = XCConfigurationList;
			buildConfigurations = (
				A430C418216F10F80008DC03 /* Debug */,
				A430C419216F10F80008DC03 /* Release */,
			);
			defaultConfigurationIsVisible = 0;
			defaultConfigurationName = Release;
		};
		A430C41A216F10F80008DC03 /* Build configuration list for PBXNativeTarget "ListyTests" */ = {
			isa = XCConfigurationList;
			buildConfigurations = (
				A430C41B216F10F80008DC03 /* Debug */,
				A430C41C216F10F80008DC03 /* Release */,
			);
			defaultConfigurationIsVisible = 0;
			defaultConfigurationName = Release;
		};
		A430C41D216F10F80008DC03 /* Build configuration list for PBXNativeTarget "ListyUITests" */ = {
			isa = XCConfigurationList;
			buildConfigurations = (
				A430C41E216F10F80008DC03 /* Debug */,
				A430C41F216F10F80008DC03 /* Release */,
			);
			defaultConfigurationIsVisible = 0;
			defaultConfigurationName = Release;
		};
/* End XCConfigurationList section */
	};
	rootObject = A430C3E7216F10F40008DC03 /* Project object */;
}
